
Microsoft Visual Studio Solution File, Format Version 12.00
# Visual Studio Version 17
VisualStudioVersion = 17.6.33723.286
MinimumVisualStudioVersion = 10.0.40219.1
Project("{FAE04EC0-301F-11D3-BF4B-00C04F79EFBC}") = "Airport", "Airport\Airport.csproj", "{4529E7C6-9BE3-4B72-BF92-399AF3654B80}"
EndProject
Global
	GlobalSection(SolutionConfigurationPlatforms) = preSolution
		Debug|Any CPU = Debug|Any CPU
		Release|Any CPU = Release|Any CPU
	EndGlobalSection
	GlobalSection(ProjectConfigurationPlatforms) = postSolution
		{4529E7C6-9BE3-4B72-BF92-399AF3654B80}.Debug|Any CPU.ActiveCfg = Debug|Any CPU
		{4529E7C6-9BE3-4B72-BF92-399AF3654B80}.Debug|Any CPU.Build.0 = Debug|Any CPU
		{4529E7C6-9BE3-4B72-BF92-399AF3654B80}.Release|Any CPU.ActiveCfg = Release|Any CPU
		{4529E7C6-9BE3-4B72-BF92-399AF3654B80}.Release|Any CPU.Build.0 = Release|Any CPU
	EndGlobalSection
	GlobalSection(SolutionProperties) = preSolution
		HideSolutionNode = FALSE
	EndGlobalSection
	GlobalSection(ExtensibilityGlobals) = postSolution
		SolutionGuid = {7FB18953-9044-47CD-8469-089AC392E732}
	EndGlobalSection
EndGlobal
